
Microsoft Visual Studio Solution File, Format Version 12.00
# Visual Studio Version 17
VisualStudioVersion = 17.11.35219.272
MinimumVisualStudioVersion = 10.0.40219.1
Project("{FAE04EC0-301F-11D3-BF4B-00C04F79EFBC}") = "WebAppAPI-ClientKennzeichen", "WebAppAPI-ClientKennzeichen\WebAppAPI-ClientKennzeichen.csproj", "{3AC53A20-05A8-43E7-AFAC-22BF77CF1090}"
EndProject
Global
	GlobalSection(SolutionConfigurationPlatforms) = preSolution
		Debug|Any CPU = Debug|Any CPU
		Release|Any CPU = Release|Any CPU
	EndGlobalSection
	GlobalSection(ProjectConfigurationPlatforms) = postSolution
		{3AC53A20-05A8-43E7-AFAC-22BF77CF1090}.Debug|Any CPU.ActiveCfg = Debug|Any CPU
		{3AC53A20-05A8-43E7-AFAC-22BF77CF1090}.Debug|Any CPU.Build.0 = Debug|Any CPU
		{3AC53A20-05A8-43E7-AFAC-22BF77CF1090}.Release|Any CPU.ActiveCfg = Release|Any CPU
		{3AC53A20-05A8-43E7-AFAC-22BF77CF1090}.Release|Any CPU.Build.0 = Release|Any CPU
	EndGlobalSection
	GlobalSection(SolutionProperties) = preSolution
		HideSolutionNode = FALSE
	EndGlobalSection
	GlobalSection(ExtensibilityGlobals) = postSolution
		SolutionGuid = {61542D7A-65A7-49A9-A7A1-29F63ECC2D4B}
	EndGlobalSection
EndGlobal
